// !$*UTF8*$!
{
	archiveVersion = 1;
	classes = {
	};
	objectVersion = 56;
	objects = {

/* Begin PBXBuildFile section */
		05B95AEFCF091C7DAAE32922 /* libPods-PracticeDemo.a in Frameworks */ = {isa = PBXBuildFile; fileRef = 0DF292A069C241D5333AB656 /* libPods-PracticeDemo.a */; };
		8C77592C29C1B57800366C1F /* ChecklistViewController.m in Sources */ = {isa = PBXBuildFile; fileRef = 8C77592B29C1B57800366C1F /* ChecklistViewController.m */; };
		8C77592F29C1B61B00366C1F /* ChecklistCell.m in Sources */ = {isa = PBXBuildFile; fileRef = 8C77592E29C1B61B00366C1F /* ChecklistCell.m */; };
		8C77593229C1D7B700366C1F /* ItemDetailController.m in Sources */ = {isa = PBXBuildFile; fileRef = 8C77593129C1D7B700366C1F /* ItemDetailController.m */; };
		8C77593529C2F6E600366C1F /* Catalog.m in Sources */ = {isa = PBXBuildFile; fileRef = 8C77593429C2F6E600366C1F /* Catalog.m */; };
		8C77593829C33DEB00366C1F /* ChecklistItemCell.m in Sources */ = {isa = PBXBuildFile; fileRef = 8C77593729C33DEB00366C1F /* ChecklistItemCell.m */; };
		8C7A0BE829C1A35D004E00CB /* AppDelegate.m in Sources */ = {isa = PBXBuildFile; fileRef = 8C7A0BE729C1A35D004E00CB /* AppDelegate.m */; };
		8C7A0BEE29C1A35D004E00CB /* HomepageViewController.m in Sources */ = {isa = PBXBuildFile; fileRef = 8C7A0BED29C1A35D004E00CB /* HomepageViewController.m */; };
		8C7A0BF129C1A35D004E00CB /* Main.storyboard in Resources */ = {isa = PBXBuildFile; fileRef = 8C7A0BEF29C1A35D004E00CB /* Main.storyboard */; };
		8C7A0BF329C1A35E004E00CB /* Assets.xcassets in Resources */ = {isa = PBXBuildFile; fileRef = 8C7A0BF229C1A35E004E00CB /* Assets.xcassets */; };
		8C7A0BF629C1A35E004E00CB /* LaunchScreen.storyboard in Resources */ = {isa = PBXBuildFile; fileRef = 8C7A0BF429C1A35E004E00CB /* LaunchScreen.storyboard */; };
		8C7A0BF929C1A35E004E00CB /* main.m in Sources */ = {isa = PBXBuildFile; fileRef = 8C7A0BF829C1A35E004E00CB /* main.m */; };
		8C7A0C0329C1A35E004E00CB /* PracticeDemoTests.m in Sources */ = {isa = PBXBuildFile; fileRef = 8C7A0C0229C1A35E004E00CB /* PracticeDemoTests.m */; };
		8C7A0C0D29C1A35E004E00CB /* PracticeDemoUITests.m in Sources */ = {isa = PBXBuildFile; fileRef = 8C7A0C0C29C1A35E004E00CB /* PracticeDemoUITests.m */; };
		8C7A0C0F29C1A35E004E00CB /* PracticeDemoUITestsLaunchTests.m in Sources */ = {isa = PBXBuildFile; fileRef = 8C7A0C0E29C1A35E004E00CB /* PracticeDemoUITestsLaunchTests.m */; };
		8C7A0C1D29C1A376004E00CB /* DataModel.m in Sources */ = {isa = PBXBuildFile; fileRef = 8C7A0C1C29C1A376004E00CB /* DataModel.m */; };
		8C7A0C2029C1A38D004E00CB /* ChecklistItem.m in Sources */ = {isa = PBXBuildFile; fileRef = 8C7A0C1F29C1A38D004E00CB /* ChecklistItem.m */; };
		8C7A0C2329C1A3A1004E00CB /* Checklist.m in Sources */ = {isa = PBXBuildFile; fileRef = 8C7A0C2229C1A3A1004E00CB /* Checklist.m */; };
/* End PBXBuildFile section */

/* Begin PBXContainerItemProxy section */
		8C7A0BFF29C1A35E004E00CB /* PBXContainerItemProxy */ = {
			isa = PBXContainerItemProxy;
			containerPortal = 8C7A0BDB29C1A35D004E00CB /* Project object */;
			proxyType = 1;
			remoteGlobalIDString = 8C7A0BE229C1A35D004E00CB;
			remoteInfo = PracticeDemo;
		};
		8C7A0C0929C1A35E004E00CB /* PBXContainerItemProxy */ = {
			isa = PBXContainerItemProxy;
			containerPortal = 8C7A0BDB29C1A35D004E00CB /* Project object */;
			proxyType = 1;
			remoteGlobalIDString = 8C7A0BE229C1A35D004E00CB;
			remoteInfo = PracticeDemo;
		};
/* End PBXContainerItemProxy section */

/* Begin PBXFileReference section */
		0DF292A069C241D5333AB656 /* libPods-PracticeDemo.a */ = {isa = PBXFileReference; explicitFileType = archive.ar; includeInIndex = 0; path = "libPods-PracticeDemo.a"; sourceTree = BUILT_PRODUCTS_DIR; };
		8C77592A29C1B57800366C1F /* ChecklistViewController.h */ = {isa = PBXFileReference; lastKnownFileType = sourcecode.c.h; path = ChecklistViewController.h; sourceTree = "<group>"; };
		8C77592B29C1B57800366C1F /* ChecklistViewController.m */ = {isa = PBXFileReference; lastKnownFileType = sourcecode.c.objc; path = ChecklistViewController.m; sourceTree = "<group>"; };
		8C77592D29C1B61B00366C1F /* ChecklistCell.h */ = {isa = PBXFileReference; lastKnownFileType = sourcecode.c.h; path = ChecklistCell.h; sourceTree = "<group>"; };
		8C77592E29C1B61B00366C1F /* ChecklistCell.m */ = {isa = PBXFileReference; lastKnownFileType = sourcecode.c.objc; path = ChecklistCell.m; sourceTree = "<group>"; };
		8C77593029C1D7B700366C1F /* ItemDetailController.h */ = {isa = PBXFileReference; lastKnownFileType = sourcecode.c.h; path = ItemDetailController.h; sourceTree = "<group>"; };
		8C77593129C1D7B700366C1F /* ItemDetailController.m */ = {isa = PBXFileReference; lastKnownFileType = sourcecode.c.objc; path = ItemDetailController.m; sourceTree = "<group>"; };
		8C77593329C2F6E600366C1F /* Catalog.h */ = {isa = PBXFileReference; lastKnownFileType = sourcecode.c.h; path = Catalog.h; sourceTree = "<group>"; };
		8C77593429C2F6E600366C1F /* Catalog.m */ = {isa = PBXFileReference; lastKnownFileType = sourcecode.c.objc; path = Catalog.m; sourceTree = "<group>"; };
		8C77593629C33DEB00366C1F /* ChecklistItemCell.h */ = {isa = PBXFileReference; lastKnownFileType = sourcecode.c.h; path = ChecklistItemCell.h; sourceTree = "<group>"; };
		8C77593729C33DEB00366C1F /* ChecklistItemCell.m */ = {isa = PBXFileReference; lastKnownFileType = sourcecode.c.objc; path = ChecklistItemCell.m; sourceTree = "<group>"; };
		8C7A0BE329C1A35D004E00CB /* PracticeDemo.app */ = {isa = PBXFileReference; explicitFileType = wrapper.application; includeInIndex = 0; path = PracticeDemo.app; sourceTree = BUILT_PRODUCTS_DIR; };
		8C7A0BE629C1A35D004E00CB /* AppDelegate.h */ = {isa = PBXFileReference; lastKnownFileType = sourcecode.c.h; path = AppDelegate.h; sourceTree = "<group>"; };
		8C7A0BE729C1A35D004E00CB /* AppDelegate.m */ = {isa = PBXFileReference; lastKnownFileType = sourcecode.c.objc; path = AppDelegate.m; sourceTree = "<group>"; };
		8C7A0BEC29C1A35D004E00CB /* HomepageViewController.h */ = {isa = PBXFileReference; lastKnownFileType = sourcecode.c.h; path = HomepageViewController.h; sourceTree = "<group>"; };
		8C7A0BED29C1A35D004E00CB /* HomepageViewController.m */ = {isa = PBXFileReference; lastKnownFileType = sourcecode.c.objc; path = HomepageViewController.m; sourceTree = "<group>"; };
		8C7A0BF029C1A35D004E00CB /* Base */ = {isa = PBXFileReference; lastKnownFileType = file.storyboard; name = Base; path = Base.lproj/Main.storyboard; sourceTree = "<group>"; };
		8C7A0BF229C1A35E004E00CB /* Assets.xcassets */ = {isa = PBXFileReference; lastKnownFileType = folder.assetcatalog; path = Assets.xcassets; sourceTree = "<group>"; };
		8C7A0BF529C1A35E004E00CB /* Base */ = {isa = PBXFileReference; lastKnownFileType = file.storyboard; name = Base; path = Base.lproj/LaunchScreen.storyboard; sourceTree = "<group>"; };
		8C7A0BF729C1A35E004E00CB /* Info.plist */ = {isa = PBXFileReference; lastKnownFileType = text.plist.xml; path = Info.plist; sourceTree = "<group>"; };
		8C7A0BF829C1A35E004E00CB /* main.m */ = {isa = PBXFileReference; lastKnownFileType = sourcecode.c.objc; path = main.m; sourceTree = "<group>"; };
		8C7A0BFE29C1A35E004E00CB /* PracticeDemoTests.xctest */ = {isa = PBXFileReference; explicitFileType = wrapper.cfbundle; includeInIndex = 0; path = PracticeDemoTests.xctest; sourceTree = BUILT_PRODUCTS_DIR; };
		8C7A0C0229C1A35E004E00CB /* PracticeDemoTests.m */ = {isa = PBXFileReference; lastKnownFileType = sourcecode.c.objc; path = PracticeDemoTests.m; sourceTree = "<group>"; };
		8C7A0C0829C1A35E004E00CB /* PracticeDemoUITests.xctest */ = {isa = PBXFileReference; explicitFileType = wrapper.cfbundle; includeInIndex = 0; path = PracticeDemoUITests.xctest; sourceTree = BUILT_PRODUCTS_DIR; };
		8C7A0C0C29C1A35E004E00CB /* PracticeDemoUITests.m */ = {isa = PBXFileReference; lastKnownFileType = sourcecode.c.objc; path = PracticeDemoUITests.m; sourceTree = "<group>"; };
		8C7A0C0E29C1A35E004E00CB /* PracticeDemoUITestsLaunchTests.m */ = {isa = PBXFileReference; lastKnownFileType = sourcecode.c.objc; path = PracticeDemoUITestsLaunchTests.m; sourceTree = "<group>"; };
		8C7A0C1B29C1A376004E00CB /* DataModel.h */ = {isa = PBXFileReference; lastKnownFileType = sourcecode.c.h; path = DataModel.h; sourceTree = "<group>"; };
		8C7A0C1C29C1A376004E00CB /* DataModel.m */ = {isa = PBXFileReference; lastKnownFileType = sourcecode.c.objc; path = DataModel.m; sourceTree = "<group>"; };
		8C7A0C1E29C1A38D004E00CB /* ChecklistItem.h */ = {isa = PBXFileReference; lastKnownFileType = sourcecode.c.h; path = ChecklistItem.h; sourceTree = "<group>"; };
		8C7A0C1F29C1A38D004E00CB /* ChecklistItem.m */ = {isa = PBXFileReference; lastKnownFileType = sourcecode.c.objc; path = ChecklistItem.m; sourceTree = "<group>"; };
		8C7A0C2129C1A3A1004E00CB /* Checklist.h */ = {isa = PBXFileReference; lastKnownFileType = sourcecode.c.h; path = Checklist.h; sourceTree = "<group>"; };
		8C7A0C2229C1A3A1004E00CB /* Checklist.m */ = {isa = PBXFileReference; lastKnownFileType = sourcecode.c.objc; path = Checklist.m; sourceTree = "<group>"; };
		B28CB7B7D343707C4F3F88A0 /* Pods-PracticeDemo.release.xcconfig */ = {isa = PBXFileReference; includeInIndex = 1; lastKnownFileType = text.xcconfig; name = "Pods-PracticeDemo.release.xcconfig"; path = "Target Support Files/Pods-PracticeDemo/Pods-PracticeDemo.release.xcconfig"; sourceTree = "<group>"; };
		D045FEFF2DAEC7982277BE24 /* Pods-PracticeDemo.debug.xcconfig */ = {isa = PBXFileReference; includeInIndex = 1; lastKnownFileType = text.xcconfig; name = "Pods-PracticeDemo.debug.xcconfig"; path = "Target Support Files/Pods-PracticeDemo/Pods-PracticeDemo.debug.xcconfig"; sourceTree = "<group>"; };
/* End PBXFileReference section */

/* Begin PBXFrameworksBuildPhase section */
		8C7A0BE029C1A35D004E00CB /* Frameworks */ = {
			isa = PBXFrameworksBuildPhase;
			buildActionMask = 2147483647;
			files = (
				05B95AEFCF091C7DAAE32922 /* libPods-PracticeDemo.a in Frameworks */,
			);
			runOnlyForDeploymentPostprocessing = 0;
		};
		8C7A0BFB29C1A35E004E00CB /* Frameworks */ = {
			isa = PBXFrameworksBuildPhase;
			buildActionMask = 2147483647;
			files = (
			);
			runOnlyForDeploymentPostprocessing = 0;
		};
		8C7A0C0529C1A35E004E00CB /* Frameworks */ = {
			isa = PBXFrameworksBuildPhase;
			buildActionMask = 2147483647;
			files = (
			);
			runOnlyForDeploymentPostprocessing = 0;
		};
/* End PBXFrameworksBuildPhase section */

/* Begin PBXGroup section */
		8C7A0BDA29C1A35D004E00CB = {
			isa = PBXGroup;
			children = (
				8C7A0BE529C1A35D004E00CB /* PracticeDemo */,
				8C7A0C0129C1A35E004E00CB /* PracticeDemoTests */,
				8C7A0C0B29C1A35E004E00CB /* PracticeDemoUITests */,
				8C7A0BE429C1A35D004E00CB /* Products */,
				9B8BDD5BCF0787D4554F1366 /* Pods */,
				D1994F4D6B46A3C30A239B2C /* Frameworks */,
			);
			sourceTree = "<group>";
		};
		8C7A0BE429C1A35D004E00CB /* Products */ = {
			isa = PBXGroup;
			children = (
				8C7A0BE329C1A35D004E00CB /* PracticeDemo.app */,
				8C7A0BFE29C1A35E004E00CB /* PracticeDemoTests.xctest */,
				8C7A0C0829C1A35E004E00CB /* PracticeDemoUITests.xctest */,
			);
			name = Products;
			sourceTree = "<group>";
		};
		8C7A0BE529C1A35D004E00CB /* PracticeDemo */ = {
			isa = PBXGroup;
			children = (
				8C7A0BE629C1A35D004E00CB /* AppDelegate.h */,
				8C7A0BE729C1A35D004E00CB /* AppDelegate.m */,
				8C7A0BEC29C1A35D004E00CB /* HomepageViewController.h */,
				8C7A0BED29C1A35D004E00CB /* HomepageViewController.m */,
				8C7A0BEF29C1A35D004E00CB /* Main.storyboard */,
				8C7A0BF229C1A35E004E00CB /* Assets.xcassets */,
				8C7A0BF429C1A35E004E00CB /* LaunchScreen.storyboard */,
				8C7A0BF729C1A35E004E00CB /* Info.plist */,
				8C7A0BF829C1A35E004E00CB /* main.m */,
				8C7A0C1B29C1A376004E00CB /* DataModel.h */,
				8C7A0C1C29C1A376004E00CB /* DataModel.m */,
				8C7A0C1E29C1A38D004E00CB /* ChecklistItem.h */,
				8C7A0C1F29C1A38D004E00CB /* ChecklistItem.m */,
				8C7A0C2129C1A3A1004E00CB /* Checklist.h */,
				8C7A0C2229C1A3A1004E00CB /* Checklist.m */,
				8C77592D29C1B61B00366C1F /* ChecklistCell.h */,
				8C77592E29C1B61B00366C1F /* ChecklistCell.m */,
				8C77592A29C1B57800366C1F /* ChecklistViewController.h */,
				8C77592B29C1B57800366C1F /* ChecklistViewController.m */,
				8C77593029C1D7B700366C1F /* ItemDetailController.h */,
				8C77593129C1D7B700366C1F /* ItemDetailController.m */,
				8C77593329C2F6E600366C1F /* Catalog.h */,
				8C77593429C2F6E600366C1F /* Catalog.m */,
				8C77593629C33DEB00366C1F /* ChecklistItemCell.h */,
				8C77593729C33DEB00366C1F /* ChecklistItemCell.m */,
			);
			path = PracticeDemo;
			sourceTree = "<group>";
		};
		8C7A0C0129C1A35E004E00CB /* PracticeDemoTests */ = {
			isa = PBXGroup;
			children = (
				8C7A0C0229C1A35E004E00CB /* PracticeDemoTests.m */,
			);
			path = PracticeDemoTests;
			sourceTree = "<group>";
		};
		8C7A0C0B29C1A35E004E00CB /* PracticeDemoUITests */ = {
			isa = PBXGroup;
			children = (
				8C7A0C0C29C1A35E004E00CB /* PracticeDemoUITests.m */,
				8C7A0C0E29C1A35E004E00CB /* PracticeDemoUITestsLaunchTests.m */,
			);
			path = PracticeDemoUITests;
			sourceTree = "<group>";
		};
		9B8BDD5BCF0787D4554F1366 /* Pods */ = {
			isa = PBXGroup;
			children = (
				D045FEFF2DAEC7982277BE24 /* Pods-PracticeDemo.debug.xcconfig */,
				B28CB7B7D343707C4F3F88A0 /* Pods-PracticeDemo.release.xcconfig */,
			);
			path = Pods;
			sourceTree = "<group>";
		};
		D1994F4D6B46A3C30A239B2C /* Frameworks */ = {
			isa = PBXGroup;
			children = (
				0DF292A069C241D5333AB656 /* libPods-PracticeDemo.a */,
			);
			name = Frameworks;
			sourceTree = "<group>";
		};
/* End PBXGroup section */

/* Begin PBXNativeTarget section */
		8C7A0BE229C1A35D004E00CB /* PracticeDemo */ = {
			isa = PBXNativeTarget;
			buildConfigurationList = 8C7A0C1229C1A35E004E00CB /* Build configuration list for PBXNativeTarget "PracticeDemo" */;
			buildPhases = (
				623DC526655D89B93A04BC91 /* [CP] Check Pods Manifest.lock */,
				8C7A0BDF29C1A35D004E00CB /* Sources */,
				8C7A0BE029C1A35D004E00CB /* Frameworks */,
				8C7A0BE129C1A35D004E00CB /* Resources */,
			);
			buildRules = (
			);
			dependencies = (
			);
			name = PracticeDemo;
			productName = PracticeDemo;
			productReference = 8C7A0BE329C1A35D004E00CB /* PracticeDemo.app */;
			productType = "com.apple.product-type.application";
		};
		8C7A0BFD29C1A35E004E00CB /* PracticeDemoTests */ = {
			isa = PBXNativeTarget;
			buildConfigurationList = 8C7A0C1529C1A35E004E00CB /* Build configuration list for PBXNativeTarget "PracticeDemoTests" */;
			buildPhases = (
				8C7A0BFA29C1A35E004E00CB /* Sources */,
				8C7A0BFB29C1A35E004E00CB /* Frameworks */,
				8C7A0BFC29C1A35E004E00CB /* Resources */,
			);
			buildRules = (
			);
			dependencies = (
				8C7A0C0029C1A35E004E00CB /* PBXTargetDependency */,
			);
			name = PracticeDemoTests;
			productName = PracticeDemoTests;
			productReference = 8C7A0BFE29C1A35E004E00CB /* PracticeDemoTests.xctest */;
			productType = "com.apple.product-type.bundle.unit-test";
		};
		8C7A0C0729C1A35E004E00CB /* PracticeDemoUITests */ = {
			isa = PBXNativeTarget;
			buildConfigurationList = 8C7A0C1829C1A35E004E00CB /* Build configuration list for PBXNativeTarget "PracticeDemoUITests" */;
			buildPhases = (
				8C7A0C0429C1A35E004E00CB /* Sources */,
				8C7A0C0529C1A35E004E00CB /* Frameworks */,
				8C7A0C0629C1A35E004E00CB /* Resources */,
			);
			buildRules = (
			);
			dependencies = (
				8C7A0C0A29C1A35E004E00CB /* PBXTargetDependency */,
			);
			name = PracticeDemoUITests;
			productName = PracticeDemoUITests;
			productReference = 8C7A0C0829C1A35E004E00CB /* PracticeDemoUITests.xctest */;
			productType = "com.apple.product-type.bundle.ui-testing";
		};
/* End PBXNativeTarget section */

/* Begin PBXProject section */
		8C7A0BDB29C1A35D004E00CB /* Project object */ = {
			isa = PBXProject;
			attributes = {
				BuildIndependentTargetsInParallel = 1;
				LastUpgradeCheck = 1420;
				TargetAttributes = {
					8C7A0BE229C1A35D004E00CB = {
						CreatedOnToolsVersion = 14.2;
					};
					8C7A0BFD29C1A35E004E00CB = {
						CreatedOnToolsVersion = 14.2;
						TestTargetID = 8C7A0BE229C1A35D004E00CB;
					};
					8C7A0C0729C1A35E004E00CB = {
						CreatedOnToolsVersion = 14.2;
						TestTargetID = 8C7A0BE229C1A35D004E00CB;
					};
				};
			};
			buildConfigurationList = 8C7A0BDE29C1A35D004E00CB /* Build configuration list for PBXProject "PracticeDemo" */;
			compatibilityVersion = "Xcode 14.0";
			developmentRegion = en;
			hasScannedForEncodings = 0;
			knownRegions = (
				en,
				Base,
			);
			mainGroup = 8C7A0BDA29C1A35D004E00CB;
			productRefGroup = 8C7A0BE429C1A35D004E00CB /* Products */;
			projectDirPath = "";
			projectRoot = "";
			targets = (
				8C7A0BE229C1A35D004E00CB /* PracticeDemo */,
				8C7A0BFD29C1A35E004E00CB /* PracticeDemoTests */,
				8C7A0C0729C1A35E004E00CB /* PracticeDemoUITests */,
			);
		};
/* End PBXProject section */

/* Begin PBXResourcesBuildPhase section */
		8C7A0BE129C1A35D004E00CB /* Resources */ = {
			isa = PBXResourcesBuildPhase;
			buildActionMask = 2147483647;
			files = (
				8C7A0BF629C1A35E004E00CB /* LaunchScreen.storyboard in Resources */,
				8C7A0BF329C1A35E004E00CB /* Assets.xcassets in Resources */,
				8C7A0BF129C1A35D004E00CB /* Main.storyboard in Resources */,
			);
			runOnlyForDeploymentPostprocessing = 0;
		};
		8C7A0BFC29C1A35E004E00CB /* Resources */ = {
			isa = PBXResourcesBuildPhase;
			buildActionMask = 2147483647;
			files = (
			);
			runOnlyForDeploymentPostprocessing = 0;
		};
		8C7A0C0629C1A35E004E00CB /* Resources */ = {
			isa = PBXResourcesBuildPhase;
			buildActionMask = 2147483647;
			files = (
			);
			runOnlyForDeploymentPostprocessing = 0;
		};
/* End PBXResourcesBuildPhase section */

/* Begin PBXShellScriptBuildPhase section */
		623DC526655D89B93A04BC91 /* [CP] Check Pods Manifest.lock */ = {
			isa = PBXShellScriptBuildPhase;
			buildActionMask = 2147483647;
			files = (
			);
			inputFileListPaths = (
			);
			inputPaths = (
				"${PODS_PODFILE_DIR_PATH}/Podfile.lock",
				"${PODS_ROOT}/Manifest.lock",
			);
			name = "[CP] Check Pods Manifest.lock";
			outputFileListPaths = (
			);
			outputPaths = (
				"$(DERIVED_FILE_DIR)/Pods-PracticeDemo-checkManifestLockResult.txt",
			);
			runOnlyForDeploymentPostprocessing = 0;
			shellPath = /bin/sh;
			shellScript = "diff \"${PODS_PODFILE_DIR_PATH}/Podfile.lock\" \"${PODS_ROOT}/Manifest.lock\" > /dev/null\nif [ $? != 0 ] ; then\n    # print error to STDERR\n    echo \"error: The sandbox is not in sync with the Podfile.lock. Run 'pod install' or update your CocoaPods installation.\" >&2\n    exit 1\nfi\n# This output is used by Xcode 'outputs' to avoid re-running this script phase.\necho \"SUCCESS\" > \"${SCRIPT_OUTPUT_FILE_0}\"\n";
			showEnvVarsInLog = 0;
		};
/* End PBXShellScriptBuildPhase section */

/* Begin PBXSourcesBuildPhase section */
		8C7A0BDF29C1A35D004E00CB /* Sources */ = {
			isa = PBXSourcesBuildPhase;
			buildActionMask = 2147483647;
			files = (
				8C7A0BEE29C1A35D004E00CB /* HomepageViewController.m in Sources */,
				8C7A0C1D29C1A376004E00CB /* DataModel.m in Sources */,
				8C77593829C33DEB00366C1F /* ChecklistItemCell.m in Sources */,
				8C77592C29C1B57800366C1F /* ChecklistViewController.m in Sources */,
				8C77593529C2F6E600366C1F /* Catalog.m in Sources */,
				8C7A0BE829C1A35D004E00CB /* AppDelegate.m in Sources */,
				8C7A0BF929C1A35E004E00CB /* main.m in Sources */,
				8C77592F29C1B61B00366C1F /* ChecklistCell.m in Sources */,
				8C7A0C2029C1A38D004E00CB /* ChecklistItem.m in Sources */,
				8C7A0C2329C1A3A1004E00CB /* Checklist.m in Sources */,
				8C77593229C1D7B700366C1F /* ItemDetailController.m in Sources */,
			);
			runOnlyForDeploymentPostprocessing = 0;
		};
		8C7A0BFA29C1A35E004E00CB /* Sources */ = {
			isa = PBXSourcesBuildPhase;
			buildActionMask = 2147483647;
			files = (
				8C7A0C0329C1A35E004E00CB /* PracticeDemoTests.m in Sources */,
			);
			runOnlyForDeploymentPostprocessing = 0;
		};
		8C7A0C0429C1A35E004E00CB /* Sources */ = {
			isa = PBXSourcesBuildPhase;
			buildActionMask = 2147483647;
			files = (
				8C7A0C0F29C1A35E004E00CB /* PracticeDemoUITestsLaunchTests.m in Sources */,
				8C7A0C0D29C1A35E004E00CB /* PracticeDemoUITests.m in Sources */,
			);
			runOnlyForDeploymentPostprocessing = 0;
		};
/* End PBXSourcesBuildPhase section */

/* Begin PBXTargetDependency section */
		8C7A0C0029C1A35E004E00CB /* PBXTargetDependency */ = {
			isa = PBXTargetDependency;
			target = 8C7A0BE229C1A35D004E00CB /* PracticeDemo */;
			targetProxy = 8C7A0BFF29C1A35E004E00CB /* PBXContainerItemProxy */;
		};
		8C7A0C0A29C1A35E004E00CB /* PBXTargetDependency */ = {
			isa = PBXTargetDependency;
			target = 8C7A0BE229C1A35D004E00CB /* PracticeDemo */;
			targetProxy = 8C7A0C0929C1A35E004E00CB /* PBXContainerItemProxy */;
		};
/* End PBXTargetDependency section */

/* Begin PBXVariantGroup section */
		8C7A0BEF29C1A35D004E00CB /* Main.storyboard */ = {
			isa = PBXVariantGroup;
			children = (
				8C7A0BF029C1A35D004E00CB /* Base */,
			);
			name = Main.storyboard;
			sourceTree = "<group>";
		};
		8C7A0BF429C1A35E004E00CB /* LaunchScreen.storyboard */ = {
			isa = PBXVariantGroup;
			children = (
				8C7A0BF529C1A35E004E00CB /* Base */,
			);
			name = LaunchScreen.storyboard;
			sourceTree = "<group>";
		};
/* End PBXVariantGroup section */

/* Begin XCBuildConfiguration section */
		8C7A0C1029C1A35E004E00CB /* Debug */ = {
			isa = XCBuildConfiguration;
			buildSettings = {
				ALWAYS_SEARCH_USER_PATHS = NO;
				CLANG_ANALYZER_NONNULL = YES;
				CLANG_ANALYZER_NUMBER_OBJECT_CONVERSION = YES_AGGRESSIVE;
				CLANG_CXX_LANGUAGE_STANDARD = "gnu++20";
				CLANG_ENABLE_MODULES = YES;
				CLANG_ENABLE_OBJC_ARC = YES;
				CLANG_ENABLE_OBJC_WEAK = YES;
				CLANG_WARN_BLOCK_CAPTURE_AUTORELEASING = YES;
				CLANG_WARN_BOOL_CONVERSION = YES;
				CLANG_WARN_COMMA = YES;
				CLANG_WARN_CONSTANT_CONVERSION = YES;
				CLANG_WARN_DEPRECATED_OBJC_IMPLEMENTATIONS = YES;
				CLANG_WARN_DIRECT_OBJC_ISA_USAGE = YES_ERROR;
				CLANG_WARN_DOCUMENTATION_COMMENTS = YES;
				CLANG_WARN_EMPTY_BODY = YES;
				CLANG_WARN_ENUM_CONVERSION = YES;
				CLANG_WARN_INFINITE_RECURSION = YES;
				CLANG_WARN_INT_CONVERSION = YES;
				CLANG_WARN_NON_LITERAL_NULL_CONVERSION = YES;
				CLANG_WARN_OBJC_IMPLICIT_RETAIN_SELF = YES;
				CLANG_WARN_OBJC_LITERAL_CONVERSION = YES;
				CLANG_WARN_OBJC_ROOT_CLASS = YES_ERROR;
				CLANG_WARN_QUOTED_INCLUDE_IN_FRAMEWORK_HEADER = YES;
				CLANG_WARN_RANGE_LOOP_ANALYSIS = YES;
				CLANG_WARN_STRICT_PROTOTYPES = YES;
				CLANG_WARN_SUSPICIOUS_MOVE = YES;
				CLANG_WARN_UNGUARDED_AVAILABILITY = YES_AGGRESSIVE;
				CLANG_WARN_UNREACHABLE_CODE = YES;
				CLANG_WARN__DUPLICATE_METHOD_MATCH = YES;
				COPY_PHASE_STRIP = NO;
				DEBUG_INFORMATION_FORMAT = dwarf;
				ENABLE_STRICT_OBJC_MSGSEND = YES;
				ENABLE_TESTABILITY = YES;
				GCC_C_LANGUAGE_STANDARD = gnu11;
				GCC_DYNAMIC_NO_PIC = NO;
				GCC_NO_COMMON_BLOCKS = YES;
				GCC_OPTIMIZATION_LEVEL = 0;
				GCC_PREPROCESSOR_DEFINITIONS = (
					"DEBUG=1",
					"$(inherited)",
				);
				GCC_WARN_64_TO_32_BIT_CONVERSION = YES;
				GCC_WARN_ABOUT_RETURN_TYPE = YES_ERROR;
				GCC_WARN_UNDECLARED_SELECTOR = YES;
				GCC_WARN_UNINITIALIZED_AUTOS = YES_AGGRESSIVE;
				GCC_WARN_UNUSED_FUNCTION = YES;
				GCC_WARN_UNUSED_VARIABLE = YES;
				IPHONEOS_DEPLOYMENT_TARGET = 16.2;
				MTL_ENABLE_DEBUG_INFO = INCLUDE_SOURCE;
				MTL_FAST_MATH = YES;
				ONLY_ACTIVE_ARCH = YES;
				SDKROOT = iphoneos;
			};
			name = Debug;
		};
		8C7A0C1129C1A35E004E00CB /* Release */ = {
			isa = XCBuildConfiguration;
			buildSettings = {
				ALWAYS_SEARCH_USER_PATHS = NO;
				CLANG_ANALYZER_NONNULL = YES;
				CLANG_ANALYZER_NUMBER_OBJECT_CONVERSION = YES_AGGRESSIVE;
				CLANG_CXX_LANGUAGE_STANDARD = "gnu++20";
				CLANG_ENABLE_MODULES = YES;
				CLANG_ENABLE_OBJC_ARC = YES;
				CLANG_ENABLE_OBJC_WEAK = YES;
				CLANG_WARN_BLOCK_CAPTURE_AUTORELEASING = YES;
				CLANG_WARN_BOOL_CONVERSION = YES;
				CLANG_WARN_COMMA = YES;
				CLANG_WARN_CONSTANT_CONVERSION = YES;
				CLANG_WARN_DEPRECATED_OBJC_IMPLEMENTATIONS = YES;
				CLANG_WARN_DIRECT_OBJC_ISA_USAGE = YES_ERROR;
				CLANG_WARN_DOCUMENTATION_COMMENTS = YES;
				CLANG_WARN_EMPTY_BODY = YES;
				CLANG_WARN_ENUM_CONVERSION = YES;
				CLANG_WARN_INFINITE_RECURSION = YES;
				CLANG_WARN_INT_CONVERSION = YES;
				CLANG_WARN_NON_LITERAL_NULL_CONVERSION = YES;
				CLANG_WARN_OBJC_IMPLICIT_RETAIN_SELF = YES;
				CLANG_WARN_OBJC_LITERAL_CONVERSION = YES;
				CLANG_WARN_OBJC_ROOT_CLASS = YES_ERROR;
				CLANG_WARN_QUOTED_INCLUDE_IN_FRAMEWORK_HEADER = YES;
				CLANG_WARN_RANGE_LOOP_ANALYSIS = YES;
				CLANG_WARN_STRICT_PROTOTYPES = YES;
				CLANG_WARN_SUSPICIOUS_MOVE = YES;
				CLANG_WARN_UNGUARDED_AVAILABILITY = YES_AGGRESSIVE;
				CLANG_WARN_UNREACHABLE_CODE = YES;
				CLANG_WARN__DUPLICATE_METHOD_MATCH = YES;
				COPY_PHASE_STRIP = NO;
				DEBUG_INFORMATION_FORMAT = "dwarf-with-dsym";
				ENABLE_NS_ASSERTIONS = NO;
				ENABLE_STRICT_OBJC_MSGSEND = YES;
				GCC_C_LANGUAGE_STANDARD = gnu11;
				GCC_NO_COMMON_BLOCKS = YES;
				GCC_WARN_64_TO_32_BIT_CONVERSION = YES;
				GCC_WARN_ABOUT_RETURN_TYPE = YES_ERROR;
				GCC_WARN_UNDECLARED_SELECTOR = YES;
				GCC_WARN_UNINITIALIZED_AUTOS = YES_AGGRESSIVE;
				GCC_WARN_UNUSED_FUNCTION = YES;
				GCC_WARN_UNUSED_VARIABLE = YES;
				IPHONEOS_DEPLOYMENT_TARGET = 16.2;
				MTL_ENABLE_DEBUG_INFO = NO;
				MTL_FAST_MATH = YES;
				SDKROOT = iphoneos;
				VALIDATE_PRODUCT = YES;
			};
			name = Release;
		};
		8C7A0C1329C1A35E004E00CB /* Debug */ = {
			isa = XCBuildConfiguration;
			baseConfigurationReference = D045FEFF2DAEC7982277BE24 /* Pods-PracticeDemo.debug.xcconfig */;
			buildSettings = {
				ASSETCATALOG_COMPILER_APPICON_NAME = AppIcon;
				ASSETCATALOG_COMPILER_GLOBAL_ACCENT_COLOR_NAME = AccentColor;
				CODE_SIGN_STYLE = Automatic;
				CURRENT_PROJECT_VERSION = 1;
				GENERATE_INFOPLIST_FILE = YES;
				INFOPLIST_FILE = PracticeDemo/Info.plist;
				INFOPLIST_KEY_UIApplicationSupportsIndirectInputEvents = YES;
				INFOPLIST_KEY_UILaunchStoryboardName = LaunchScreen;
				INFOPLIST_KEY_UIMainStoryboardFile = Main;
				INFOPLIST_KEY_UISupportedInterfaceOrientations_iPad = "UIInterfaceOrientationPortrait UIInterfaceOrientationPortraitUpsideDown UIInterfaceOrientationLandscapeLeft UIInterfaceOrientationLandscapeRight";
				INFOPLIST_KEY_UISupportedInterfaceOrientations_iPhone = "UIInterfaceOrientationPortrait UIInterfaceOrientationLandscapeLeft UIInterfaceOrientationLandscapeRight";
				LD_RUNPATH_SEARCH_PATHS = (
					"$(inherited)",
					"@executable_path/Frameworks",
				);
				MARKETING_VERSION = 1.0;
				PRODUCT_BUNDLE_IDENTIFIER = Myself.PracticeDemo;
				PRODUCT_NAME = "$(TARGET_NAME)";
				SWIFT_EMIT_LOC_STRINGS = YES;
				TARGETED_DEVICE_FAMILY = "1,2";
			};
			name = Debug;
		};
		8C7A0C1429C1A35E004E00CB /* Release */ = {
			isa = XCBuildConfiguration;
			baseConfigurationReference = B28CB7B7D343707C4F3F88A0 /* Pods-PracticeDemo.release.xcconfig */;
			buildSettings = {
				ASSETCATALOG_COMPILER_APPICON_NAME = AppIcon;
				ASSETCATALOG_COMPILER_GLOBAL_ACCENT_COLOR_NAME = AccentColor;
				CODE_SIGN_STYLE = Automatic;
				CURRENT_PROJECT_VERSION = 1;
				GENERATE_INFOPLIST_FILE = YES;
				INFOPLIST_FILE = PracticeDemo/Info.plist;
				INFOPLIST_KEY_UIApplicationSupportsIndirectInputEvents = YES;
				INFOPLIST_KEY_UILaunchStoryboardName = LaunchScreen;
				INFOPLIST_KEY_UIMainStoryboardFile = Main;
				INFOPLIST_KEY_UISupportedInterfaceOrientations_iPad = "UIInterfaceOrientationPortrait UIInterfaceOrientationPortraitUpsideDown UIInterfaceOrientationLandscapeLeft UIInterfaceOrientationLandscapeRight";
				INFOPLIST_KEY_UISupportedInterfaceOrientations_iPhone = "UIInterfaceOrientationPortrait UIInterfaceOrientationLandscapeLeft UIInterfaceOrientationLandscapeRight";
				LD_RUNPATH_SEARCH_PATHS = (
					"$(inherited)",
					"@executable_path/Frameworks",
				);
				MARKETING_VERSION = 1.0;
				PRODUCT_BUNDLE_IDENTIFIER = Myself.PracticeDemo;
				PRODUCT_NAME = "$(TARGET_NAME)";
				SWIFT_EMIT_LOC_STRINGS = YES;
				TARGETED_DEVICE_FAMILY = "1,2";
			};
			name = Release;
		};
		8C7A0C1629C1A35E004E00CB /* Debug */ = {
			isa = XCBuildConfiguration;
			buildSettings = {
				BUNDLE_LOADER = "$(TEST_HOST)";
				CODE_SIGN_STYLE = Automatic;
				CURRENT_PROJECT_VERSION = 1;
				GENERATE_INFOPLIST_FILE = YES;
				IPHONEOS_DEPLOYMENT_TARGET = 16.2;
				MARKETING_VERSION = 1.0;
				PRODUCT_BUNDLE_IDENTIFIER = Myself.PracticeDemoTests;
				PRODUCT_NAME = "$(TARGET_NAME)";
				SWIFT_EMIT_LOC_STRINGS = NO;
				TARGETED_DEVICE_FAMILY = "1,2";
				TEST_HOST = "$(BUILT_PRODUCTS_DIR)/PracticeDemo.app/$(BUNDLE_EXECUTABLE_FOLDER_PATH)/PracticeDemo";
			};
			name = Debug;
		};
		8C7A0C1729C1A35E004E00CB /* Release */ = {
			isa = XCBuildConfiguration;
			buildSettings = {
				BUNDLE_LOADER = "$(TEST_HOST)";
				CODE_SIGN_STYLE = Automatic;
				CURRENT_PROJECT_VERSION = 1;
				GENERATE_INFOPLIST_FILE = YES;
				IPHONEOS_DEPLOYMENT_TARGET = 16.2;
				MARKETING_VERSION = 1.0;
				PRODUCT_BUNDLE_IDENTIFIER = Myself.PracticeDemoTests;
				PRODUCT_NAME = "$(TARGET_NAME)";
				SWIFT_EMIT_LOC_STRINGS = NO;
				TARGETED_DEVICE_FAMILY = "1,2";
				TEST_HOST = "$(BUILT_PRODUCTS_DIR)/PracticeDemo.app/$(BUNDLE_EXECUTABLE_FOLDER_PATH)/PracticeDemo";
			};
			name = Release;
		};
		8C7A0C1929C1A35E004E00CB /* Debug */ = {
			isa = XCBuildConfiguration;
			buildSettings = {
				CODE_SIGN_STYLE = Automatic;
				CURRENT_PROJECT_VERSION = 1;
				GENERATE_INFOPLIST_FILE = YES;
				MARKETING_VERSION = 1.0;
				PRODUCT_BUNDLE_IDENTIFIER = Myself.PracticeDemoUITests;
				PRODUCT_NAME = "$(TARGET_NAME)";
				SWIFT_EMIT_LOC_STRINGS = NO;
				TARGETED_DEVICE_FAMILY = "1,2";
				TEST_TARGET_NAME = PracticeDemo;
			};
			name = Debug;
		};
		8C7A0C1A29C1A35E004E00CB /* Release */ = {
			isa = XCBuildConfiguration;
			buildSettings = {
				CODE_SIGN_STYLE = Automatic;
				CURRENT_PROJECT_VERSION = 1;
				GENERATE_INFOPLIST_FILE = YES;
				MARKETING_VERSION = 1.0;
				PRODUCT_BUNDLE_IDENTIFIER = Myself.PracticeDemoUITests;
				PRODUCT_NAME = "$(TARGET_NAME)";
				SWIFT_EMIT_LOC_STRINGS = NO;
				TARGETED_DEVICE_FAMILY = "1,2";
				TEST_TARGET_NAME = PracticeDemo;
			};
			name = Release;
		};
/* End XCBuildConfiguration section */

/* Begin XCConfigurationList section */
		8C7A0BDE29C1A35D004E00CB /* Build configuration list for PBXProject "PracticeDemo" */ = {
			isa = XCConfigurationList;
			buildConfigurations = (
				8C7A0C1029C1A35E004E00CB /* Debug */,
				8C7A0C1129C1A35E004E00CB /* Release */,
			);
			defaultConfigurationIsVisible = 0;
			defaultConfigurationName = Release;
		};
		8C7A0C1229C1A35E004E00CB /* Build configuration list for PBXNativeTarget "PracticeDemo" */ = {
			isa = XCConfigurationList;
			buildConfigurations = (
				8C7A0C1329C1A35E004E00CB /* Debug */,
				8C7A0C1429C1A35E004E00CB /* Release */,
			);
			defaultConfigurationIsVisible = 0;
			defaultConfigurationName = Release;
		};
		8C7A0C1529C1A35E004E00CB /* Build configuration list for PBXNativeTarget "PracticeDemoTests" */ = {
			isa = XCConfigurationList;
			buildConfigurations = (
				8C7A0C1629C1A35E004E00CB /* Debug */,
				8C7A0C1729C1A35E004E00CB /* Release */,
			);
			defaultConfigurationIsVisible = 0;
			defaultConfigurationName = Release;
		};
		8C7A0C1829C1A35E004E00CB /* Build configuration list for PBXNativeTarget "PracticeDemoUITests" */ = {
			isa = XCConfigurationList;
			buildConfigurations = (
				8C7A0C1929C1A35E004E00CB /* Debug */,
				8C7A0C1A29C1A35E004E00CB /* Release */,
			);
			defaultConfigurationIsVisible = 0;
			defaultConfigurationName = Release;
		};
/* End XCConfigurationList section */
	};
	rootObject = 8C7A0BDB29C1A35D004E00CB /* Project object */;
}
